
Microsoft Visual Studio Solution File, Format Version 12.00
# Visual Studio 15
VisualStudioVersion = 15.0.28010.2026
MinimumVisualStudioVersion = 10.0.40219.1
Project("{FAE04EC0-301F-11D3-BF4B-00C04F79EFBC}") = "Recorder", "Recorder\Recorder.csproj", "{0018DF65-0844-4CDB-85B7-E66358A6FBE5}"
EndProject
Project("{FAE04EC0-301F-11D3-BF4B-00C04F79EFBC}") = "Clock", "Clock\Clock.csproj", "{032BE6A6-0346-4093-B907-61ECD9F01250}"
EndProject
Global
	GlobalSection(SolutionConfigurationPlatforms) = preSolution
		Debug|Any CPU = Debug|Any CPU
		Release|Any CPU = Release|Any CPU
	EndGlobalSection
	GlobalSection(ProjectConfigurationPlatforms) = postSolution
		{0018DF65-0844-4CDB-85B7-E66358A6FBE5}.Debug|Any CPU.ActiveCfg = Debug|Any CPU
		{0018DF65-0844-4CDB-85B7-E66358A6FBE5}.Debug|Any CPU.Build.0 = Debug|Any CPU
		{0018DF65-0844-4CDB-85B7-E66358A6FBE5}.Release|Any CPU.ActiveCfg = Release|Any CPU
		{0018DF65-0844-4CDB-85B7-E66358A6FBE5}.Release|Any CPU.Build.0 = Release|Any CPU
		{032BE6A6-0346-4093-B907-61ECD9F01250}.Debug|Any CPU.ActiveCfg = Debug|Any CPU
		{032BE6A6-0346-4093-B907-61ECD9F01250}.Debug|Any CPU.Build.0 = Debug|Any CPU
		{032BE6A6-0346-4093-B907-61ECD9F01250}.Release|Any CPU.ActiveCfg = Release|Any CPU
		{032BE6A6-0346-4093-B907-61ECD9F01250}.Release|Any CPU.Build.0 = Release|Any CPU
	EndGlobalSection
	GlobalSection(SolutionProperties) = preSolution
		HideSolutionNode = FALSE
	EndGlobalSection
	GlobalSection(ExtensibilityGlobals) = postSolution
		SolutionGuid = {D583CA8A-E37B-4221-B37D-A070B640769F}
	EndGlobalSection
EndGlobal
